
Microsoft Visual Studio Solution File, Format Version 12.00
# Visual Studio Version 17
VisualStudioVersion = 17.0.32112.339
MinimumVisualStudioVersion = 10.0.40219.1
Project("{FAE04EC0-301F-11D3-BF4B-00C04F79EFBC}") = "TAgency", "TAgency\TAgency.csproj", "{588B9878-35B1-4EE3-A3C4-F68E6CFE9A6F}"
EndProject
Global
	GlobalSection(SolutionConfigurationPlatforms) = preSolution
		Debug|Any CPU = Debug|Any CPU
		Release|Any CPU = Release|Any CPU
	EndGlobalSection
	GlobalSection(ProjectConfigurationPlatforms) = postSolution
		{588B9878-35B1-4EE3-A3C4-F68E6CFE9A6F}.Debug|Any CPU.ActiveCfg = Debug|Any CPU
		{588B9878-35B1-4EE3-A3C4-F68E6CFE9A6F}.Debug|Any CPU.Build.0 = Debug|Any CPU
		{588B9878-35B1-4EE3-A3C4-F68E6CFE9A6F}.Release|Any CPU.ActiveCfg = Release|Any CPU
		{588B9878-35B1-4EE3-A3C4-F68E6CFE9A6F}.Release|Any CPU.Build.0 = Release|Any CPU
	EndGlobalSection
	GlobalSection(SolutionProperties) = preSolution
		HideSolutionNode = FALSE
	EndGlobalSection
	GlobalSection(ExtensibilityGlobals) = postSolution
		SolutionGuid = {C5E01ECF-6A86-455A-A9E2-07B278B9D627}
	EndGlobalSection
EndGlobal
